<?xml version="1.0" encoding="utf-8"?>
<Project ToolsVersion="4.0" xmlns="http://schemas.microsoft.com/developer/msbuild/2003">
  <ItemGroup>
    <Filter Include="KamataEngine">
      <UniqueIdentifier>{4FC737F1-C7A5-4376-A066-2A32D752A2FF}</UniqueIdentifier>
      <Extensions>cpp;c;cc;cxx;c++;cppm;ixx;def;odl;idl;hpj;bat;asm;asmx</Extensions>
    </Filter>
    <Filter Include="KamataEngine\Source">
      <UniqueIdentifier>{d966e9f8-e880-44ae-8586-a08515e4cffc}</UniqueIdentifier>
    </Filter>
    <Filter Include="KamataEngine\Include">
      <UniqueIdentifier>{4aae4e40-94f7-4d32-9a91-c0c37a2edf0d}</UniqueIdentifier>
    </Filter>
    <Filter Include="KamataEngine\Adapter">
      <UniqueIdentifier>{c6468eb4-788b-4a83-b207-a5f4804e56c5}</UniqueIdentifier>
    </Filter>
    <Filter Include="KamataEngine\Source\Math">
      <UniqueIdentifier>{bc80f77b-c7c0-440b-a935-9e2e2e7f002a}</UniqueIdentifier>
    </Filter>
    <Filter Include="KamataEngine\Source\Math\Matrix4x4">
      <UniqueIdentifier>{76b06ba3-9209-4d39-b093-f33b0aa8a260}</UniqueIdentifier>
    </Filter>
    <Filter Include="KamataEngine\Source\Math\Vector">
      <UniqueIdentifier>{762b8e37-e6da-47f4-90a1-62f9c39acd49}</UniqueIdentifier>
    </Filter>
    <Filter Include="KamataEngine\Source\Math\Vector\Vector2">
      <UniqueIdentifier>{7db54425-c861-4cda-b71f-3e05af73501c}</UniqueIdentifier>
    </Filter>
    <Filter Include="KamataEngine\Source\Math\Vector\Vector3">
      <UniqueIdentifier>{9d07ace6-2856-48e5-adeb-9f2e58e80733}</UniqueIdentifier>
    </Filter>
    <Filter Include="KamataEngine\Source\Math\Vector\Vector4">
      <UniqueIdentifier>{0e893b7e-c24a-446b-9920-21c8d9f6185d}</UniqueIdentifier>
    </Filter>
    <Filter Include="KamataEngine\Source\Math\Collision">
      <UniqueIdentifier>{84f32bd7-5864-4d31-8b85-15f472022442}</UniqueIdentifier>
    </Filter>
    <Filter Include="KamataEngine\Source\Math\Collision\Collision3D">
      <UniqueIdentifier>{d80664e4-19be-48e4-ae65-6344c7edd0f6}</UniqueIdentifier>
    </Filter>
    <Filter Include="KamataEngine\Source\Draw3D">
      <UniqueIdentifier>{1fe5df48-0f9a-4592-9ce6-ce8dc5a8ae9e}</UniqueIdentifier>
    </Filter>
    <Filter Include="KamataEngine\Source\Geometry3D">
      <UniqueIdentifier>{d9381caa-d49a-4553-ba86-80fb005a99b9}</UniqueIdentifier>
    </Filter>
    <Filter Include="KamataEngine\Source\Objects">
      <UniqueIdentifier>{86ed8989-84b9-407a-beb5-54a33bc69257}</UniqueIdentifier>
    </Filter>
    <Filter Include="KamataEngine\Source\Objects\Spring">
      <UniqueIdentifier>{79616a3e-f331-4b6c-816d-46afcffa291d}</UniqueIdentifier>
    </Filter>
  </ItemGroup>
  <ItemGroup>
    <ClCompile Include="main.cpp" />
    <ClCompile Include="C:\KamataEngine\Adapter\Novice.cpp">
      <Filter>KamataEngine\Adapter</Filter>
    </ClCompile>
    <ClCompile Include="Matrix4x4.cpp">
      <Filter>KamataEngine\Source\Math\Matrix4x4</Filter>
    </ClCompile>
    <ClCompile Include="Vector2.cpp">
      <Filter>KamataEngine\Source\Math\Vector\Vector2</Filter>
    </ClCompile>
    <ClCompile Include="Vector4.cpp">
      <Filter>KamataEngine\Source\Math\Vector\Vector4</Filter>
    </ClCompile>
    <ClCompile Include="Vector3.cpp">
      <Filter>KamataEngine\Source\Math\Vector\Vector3</Filter>
    </ClCompile>
    <ClCompile Include="Collision3D.cpp">
      <Filter>KamataEngine\Source\Math\Collision\Collision3D</Filter>
    </ClCompile>
    <ClCompile Include="Draw3D.cpp">
      <Filter>KamataEngine\Source\Draw3D</Filter>
    </ClCompile>
  </ItemGroup>
  <ItemGroup>
    <ClInclude Include="C:\KamataEngine\DirectXGame\audio\Audio.h">
      <Filter>KamataEngine\Include</Filter>
    </ClInclude>
    <ClInclude Include="C:\KamataEngine\DirectXGame\2d\DebugText.h">
      <Filter>KamataEngine\Include</Filter>
    </ClInclude>
    <ClInclude Include="C:\KamataEngine\DirectXGame\base\DirectXCommon.h">
      <Filter>KamataEngine\Include</Filter>
    </ClInclude>
    <ClInclude Include="C:\KamataEngine\DirectXGame\scene\GameScene.h">
      <Filter>KamataEngine\Include</Filter>
    </ClInclude>
    <ClInclude Include="C:\KamataEngine\DirectXGame\input\Input.h">
      <Filter>KamataEngine\Include</Filter>
    </ClInclude>
    <ClInclude Include="C:\KamataEngine\DirectXGame\3d\Model.h">
      <Filter>KamataEngine\Include</Filter>
    </ClInclude>
    <ClInclude Include="C:\KamataEngine\DirectXGame\base\SafeDelete.h">
      <Filter>KamataEngine\Include</Filter>
    </ClInclude>
    <ClInclude Include="C:\KamataEngine\DirectXGame\2d\Sprite.h">
      <Filter>KamataEngine\Include</Filter>
    </ClInclude>
    <ClInclude Include="C:\KamataEngine\DirectXGame\base\TextureManager.h">
      <Filter>KamataEngine\Include</Filter>
    </ClInclude>
    <ClInclude Include="C:\KamataEngine\DirectXGame\base\WinApp.h">
      <Filter>KamataEngine\Include</Filter>
    </ClInclude>
    <ClInclude Include="C:\KamataEngine\DirectXGame\3d\WorldTransform.h">
      <Filter>KamataEngine\Include</Filter>
    </ClInclude>
    <ClInclude Include="C:\KamataEngine\Adapter\Novice.h">
      <Filter>KamataEngine\Adapter</Filter>
    </ClInclude>
    <ClInclude Include="C:\KamataEngine\DirectXGame\3d\CircleShadow.h">
      <Filter>KamataEngine\Include</Filter>
    </ClInclude>
    <ClInclude Include="C:\KamataEngine\DirectXGame\3d\DebugCamera.h">
      <Filter>KamataEngine\Include</Filter>
    </ClInclude>
    <ClInclude Include="C:\KamataEngine\DirectXGame\3d\DirectionalLight.h">
      <Filter>KamataEngine\Include</Filter>
    </ClInclude>
    <ClInclude Include="C:\KamataEngine\DirectXGame\3d\LightGroup.h">
      <Filter>KamataEngine\Include</Filter>
    </ClInclude>
    <ClInclude Include="C:\KamataEngine\DirectXGame\3d\Material.h">
      <Filter>KamataEngine\Include</Filter>
    </ClInclude>
    <ClInclude Include="C:\KamataEngine\DirectXGame\3d\Mesh.h">
      <Filter>KamataEngine\Include</Filter>
    </ClInclude>
    <ClInclude Include="C:\KamataEngine\DirectXGame\3d\PointLight.h">
      <Filter>KamataEngine\Include</Filter>
    </ClInclude>
    <ClInclude Include="C:\KamataEngine\DirectXGame\3d\SpotLight.h">
      <Filter>KamataEngine\Include</Filter>
    </ClInclude>
    <ClInclude Include="C:\KamataEngine\DirectXGame\base\StringUtility.h">
      <Filter>KamataEngine\Include</Filter>
    </ClInclude>
    <ClInclude Include="..\DirectXGame\3d\Camera.h">
      <Filter>KamataEngine\Include</Filter>
    </ClInclude>
    <ClInclude Include="C:\KamataEngine\DirectXGame\math\Matrix4x4.h">
      <Filter>KamataEngine\Include</Filter>
    </ClInclude>
    <ClInclude Include="C:\KamataEngine\DirectXGame\math\Vector2.h">
      <Filter>KamataEngine\Include</Filter>
    </ClInclude>
    <ClInclude Include="C:\KamataEngine\DirectXGame\math\Vector3.h">
      <Filter>KamataEngine\Include</Filter>
    </ClInclude>
    <ClInclude Include="C:\KamataEngine\DirectXGame\math\Vector4.h">
      <Filter>KamataEngine\Include</Filter>
    </ClInclude>
    <ClInclude Include="C:\KamataEngine\DirectXGame\2d\ImGuiManager.h">
      <Filter>KamataEngine\Include</Filter>
    </ClInclude>
    <ClInclude Include="Matrix4x4.h">
      <Filter>KamataEngine\Source\Math\Matrix4x4</Filter>
    </ClInclude>
    <ClInclude Include="Vector2.h">
      <Filter>KamataEngine\Source\Math\Vector\Vector2</Filter>
    </ClInclude>
    <ClInclude Include="Vector4.h">
      <Filter>KamataEngine\Source\Math\Vector\Vector4</Filter>
    </ClInclude>
    <ClInclude Include="Vector3.h">
      <Filter>KamataEngine\Source\Math\Vector\Vector3</Filter>
    </ClInclude>
    <ClInclude Include="Collision3D.h">
      <Filter>KamataEngine\Source\Math\Collision\Collision3D</Filter>
    </ClInclude>
    <ClInclude Include="Draw3D.h">
      <Filter>KamataEngine\Source\Draw3D</Filter>
    </ClInclude>
    <ClInclude Include="Geometry3D.h">
      <Filter>KamataEngine\Source\Geometry3D</Filter>
    </ClInclude>
    <ClInclude Include="Spring.h">
      <Filter>KamataEngine\Source\Objects\Spring</Filter>
    </ClInclude>
  </ItemGroup>
</Project>